{
  "pins" : [
    {
      "identity" : "floatingbutton",
      "kind" : "remoteSourceControl",
      "location" : "https://github.com/exyte/FloatingButton.git",
      "state" : {
        "revision" : "cf77c2f124df1423d90a9a1985e9b9ccfa4b9b3e",
        "version" : "1.3.0"
      }
    }
  ],
  "version" : 2
}
